
Microsoft Visual Studio Solution File, Format Version 12.00
# Visual Studio Version 16
VisualStudioVersion = 16.0.31129.286
MinimumVisualStudioVersion = 10.0.40219.1
Project("{FAE04EC0-301F-11D3-BF4B-00C04F79EFBC}") = "BethanysPieShopHRM", "BethanysPieShopHRM.csproj", "{C1B0189C-2E31-4D7F-9E40-29EE11BCE87E}"
EndProject
Global
	GlobalSection(SolutionConfigurationPlatforms) = preSolution
		Debug|Any CPU = Debug|Any CPU
		Release|Any CPU = Release|Any CPU
	EndGlobalSection
	GlobalSection(ProjectConfigurationPlatforms) = postSolution
		{C1B0189C-2E31-4D7F-9E40-29EE11BCE87E}.Debug|Any CPU.ActiveCfg = Debug|Any CPU
		{C1B0189C-2E31-4D7F-9E40-29EE11BCE87E}.Debug|Any CPU.Build.0 = Debug|Any CPU
		{C1B0189C-2E31-4D7F-9E40-29EE11BCE87E}.Release|Any CPU.ActiveCfg = Release|Any CPU
		{C1B0189C-2E31-4D7F-9E40-29EE11BCE87E}.Release|Any CPU.Build.0 = Release|Any CPU
	EndGlobalSection
	GlobalSection(SolutionProperties) = preSolution
		HideSolutionNode = FALSE
	EndGlobalSection
	GlobalSection(ExtensibilityGlobals) = postSolution
		SolutionGuid = {E9711FEF-F9D6-4425-918D-FED8E50A7D5E}
	EndGlobalSection
EndGlobal
