
Microsoft Visual Studio Solution File, Format Version 12.00
# Visual Studio Version 16
VisualStudioVersion = 16.0.31129.286
MinimumVisualStudioVersion = 10.0.40219.1
Project("{FAE04EC0-301F-11D3-BF4B-00C04F79EFBC}") = "BethanysPieShopHRM", "BethanysPieShopHRM.csproj", "{B0A4EF55-4038-478E-9FDC-C324FA2A3A32}"
EndProject
Global
	GlobalSection(SolutionConfigurationPlatforms) = preSolution
		Debug|Any CPU = Debug|Any CPU
		Release|Any CPU = Release|Any CPU
	EndGlobalSection
	GlobalSection(ProjectConfigurationPlatforms) = postSolution
		{B0A4EF55-4038-478E-9FDC-C324FA2A3A32}.Debug|Any CPU.ActiveCfg = Debug|Any CPU
		{B0A4EF55-4038-478E-9FDC-C324FA2A3A32}.Debug|Any CPU.Build.0 = Debug|Any CPU
		{B0A4EF55-4038-478E-9FDC-C324FA2A3A32}.Release|Any CPU.ActiveCfg = Release|Any CPU
		{B0A4EF55-4038-478E-9FDC-C324FA2A3A32}.Release|Any CPU.Build.0 = Release|Any CPU
	EndGlobalSection
	GlobalSection(SolutionProperties) = preSolution
		HideSolutionNode = FALSE
	EndGlobalSection
	GlobalSection(ExtensibilityGlobals) = postSolution
		SolutionGuid = {96D0200C-40DC-492C-94A2-DB1246176AA9}
	EndGlobalSection
EndGlobal
