
Microsoft Visual Studio Solution File, Format Version 12.00
# Visual Studio Version 16
VisualStudioVersion = 16.0.31129.286
MinimumVisualStudioVersion = 10.0.40219.1
Project("{FAE04EC0-301F-11D3-BF4B-00C04F79EFBC}") = "BethanysPieShopHRM", "BethanysPieShopHRM.csproj", "{AA724FAA-7122-4ED5-A738-07B8AD4A8CBA}"
EndProject
Global
	GlobalSection(SolutionConfigurationPlatforms) = preSolution
		Debug|Any CPU = Debug|Any CPU
		Release|Any CPU = Release|Any CPU
	EndGlobalSection
	GlobalSection(ProjectConfigurationPlatforms) = postSolution
		{AA724FAA-7122-4ED5-A738-07B8AD4A8CBA}.Debug|Any CPU.ActiveCfg = Debug|Any CPU
		{AA724FAA-7122-4ED5-A738-07B8AD4A8CBA}.Debug|Any CPU.Build.0 = Debug|Any CPU
		{AA724FAA-7122-4ED5-A738-07B8AD4A8CBA}.Release|Any CPU.ActiveCfg = Release|Any CPU
		{AA724FAA-7122-4ED5-A738-07B8AD4A8CBA}.Release|Any CPU.Build.0 = Release|Any CPU
	EndGlobalSection
	GlobalSection(SolutionProperties) = preSolution
		HideSolutionNode = FALSE
	EndGlobalSection
	GlobalSection(ExtensibilityGlobals) = postSolution
		SolutionGuid = {8EB5708E-B7A8-4834-8165-39E1436D3DCF}
	EndGlobalSection
EndGlobal
